{
    "compile": {
        "com.jfrog.bintray.gradle:gradle-bintray-plugin": {
            "locked": "1.3.1"
        },
        "com.netflix.nebula:nebula-bintray-plugin": {
            "locked": "3.1.0",
            "requested": "3.+"
        },
        "com.netflix.nebula:nebula-core": {
            "locked": "3.0.0",
            "requested": "3.+"
        },
        "org.ajoberstar:gradle-git": {
            "locked": "1.3.2",
            "requested": "1.3.2"
        }
    },
    "default": {
        "com.jfrog.bintray.gradle:gradle-bintray-plugin": {
            "locked": "1.3.1"
        },
        "com.netflix.nebula:nebula-bintray-plugin": {
            "locked": "3.1.0",
            "requested": "3.+"
        },
        "com.netflix.nebula:nebula-core": {
            "locked": "3.0.0",
            "requested": "3.+"
        },
        "org.ajoberstar:gradle-git": {
            "locked": "1.3.2",
            "requested": "1.3.2"
        }
    },
    "integTestCompile": {
        "com.jfrog.bintray.gradle:gradle-bintray-plugin": {
            "locked": "1.3.1"
        },
        "com.netflix.nebula:nebula-bintray-plugin": {
            "locked": "3.1.0",
            "requested": "3.+"
        },
        "com.netflix.nebula:nebula-core": {
            "locked": "3.0.0",
            "requested": "3.+"
        },
        "com.netflix.nebula:nebula-test": {
            "locked": "4.0.0",
            "requested": "4.0.0"
        },
        "org.ajoberstar:gradle-git": {
            "locked": "1.3.2",
            "requested": "1.3.2"
        }
    },
    "integTestRuntime": {
        "com.jfrog.bintray.gradle:gradle-bintray-plugin": {
            "locked": "1.3.1"
        },
        "com.netflix.nebula:nebula-bintray-plugin": {
            "locked": "3.1.0",
            "requested": "3.+"
        },
        "com.netflix.nebula:nebula-core": {
            "locked": "3.0.0",
            "requested": "3.+"
        },
        "com.netflix.nebula:nebula-test": {
            "locked": "4.0.0",
            "requested": "4.0.0"
        },
        "org.ajoberstar:gradle-git": {
            "locked": "1.3.2",
            "requested": "1.3.2"
        }
    },
    "jacocoAgent": {
        "org.jacoco:org.jacoco.agent": {
            "locked": "0.7.1.201405082137"
        }
    },
    "jacocoAnt": {
        "org.jacoco:org.jacoco.ant": {
            "locked": "0.7.1.201405082137"
        }
    },
    "runtime": {
        "com.jfrog.bintray.gradle:gradle-bintray-plugin": {
            "locked": "1.3.1"
        },
        "com.netflix.nebula:nebula-bintray-plugin": {
            "locked": "3.1.0",
            "requested": "3.+"
        },
        "com.netflix.nebula:nebula-core": {
            "locked": "3.0.0",
            "requested": "3.+"
        },
        "org.ajoberstar:gradle-git": {
            "locked": "1.3.2",
            "requested": "1.3.2"
        }
    },
    "testCompile": {
        "com.jfrog.bintray.gradle:gradle-bintray-plugin": {
            "locked": "1.3.1"
        },
        "com.netflix.nebula:nebula-bintray-plugin": {
            "locked": "3.1.0",
            "requested": "3.+"
        },
        "com.netflix.nebula:nebula-core": {
            "locked": "3.0.0",
            "requested": "3.+"
        },
        "com.netflix.nebula:nebula-test": {
            "locked": "4.0.0",
            "requested": "4.0.0"
        },
        "org.ajoberstar:gradle-git": {
            "locked": "1.3.2",
            "requested": "1.3.2"
        }
    },
    "testRuntime": {
        "com.jfrog.bintray.gradle:gradle-bintray-plugin": {
            "locked": "1.3.1"
        },
        "com.netflix.nebula:nebula-bintray-plugin": {
            "locked": "3.1.0",
            "requested": "3.+"
        },
        "com.netflix.nebula:nebula-core": {
            "locked": "3.0.0",
            "requested": "3.+"
        },
        "com.netflix.nebula:nebula-test": {
            "locked": "4.0.0",
            "requested": "4.0.0"
        },
        "org.ajoberstar:gradle-git": {
            "locked": "1.3.2",
            "requested": "1.3.2"
        }
    }
}