{
    "compile": {
        "org.ajoberstar:gradle-git": {
            "locked": "1.7.2",
            "requested": "1.7.+"
        }
    },
    "compileClasspath": {
        "com.netflix.nebula:nebula-bintray-plugin": {
            "locked": "3.5.2",
            "requested": "latest.release"
        },
        "org.ajoberstar:gradle-git": {
            "locked": "1.7.2",
            "requested": "1.7.+"
        }
    },
    "compileOnly": {
        "com.netflix.nebula:nebula-bintray-plugin": {
            "locked": "3.5.2",
            "requested": "latest.release"
        }
    },
    "default": {
        "org.ajoberstar:gradle-git": {
            "locked": "1.7.2",
            "requested": "1.7.+"
        }
    },
    "integTestCompile": {
        "com.netflix.nebula:nebula-bintray-plugin": {
            "locked": "3.5.2",
            "requested": "latest.release"
        },
        "com.netflix.nebula:nebula-test": {
            "locked": "6.1.2",
            "requested": "6.+"
        },
        "org.ajoberstar:gradle-git": {
            "locked": "1.7.2",
            "requested": "1.7.+"
        }
    },
    "integTestCompileClasspath": {
        "com.netflix.nebula:nebula-bintray-plugin": {
            "locked": "3.5.2",
            "requested": "latest.release"
        },
        "com.netflix.nebula:nebula-test": {
            "locked": "6.1.2",
            "requested": "6.+"
        },
        "org.ajoberstar:gradle-git": {
            "locked": "1.7.2",
            "requested": "1.7.+"
        }
    },
    "integTestRuntime": {
        "com.netflix.nebula:nebula-bintray-plugin": {
            "locked": "3.5.2",
            "requested": "latest.release"
        },
        "com.netflix.nebula:nebula-test": {
            "locked": "6.1.2",
            "requested": "6.+"
        },
        "org.ajoberstar:gradle-git": {
            "locked": "1.7.2",
            "requested": "1.7.+"
        }
    },
    "integTestRuntimeClasspath": {
        "com.netflix.nebula:nebula-bintray-plugin": {
            "locked": "3.5.2",
            "requested": "latest.release"
        },
        "com.netflix.nebula:nebula-test": {
            "locked": "6.1.2",
            "requested": "6.+"
        },
        "org.ajoberstar:gradle-git": {
            "locked": "1.7.2",
            "requested": "1.7.+"
        }
    },
    "jacocoAgent": {
        "org.jacoco:org.jacoco.agent": {
            "locked": "0.7.8"
        }
    },
    "jacocoAnt": {
        "org.jacoco:org.jacoco.ant": {
            "locked": "0.7.8"
        }
    },
    "runtime": {
        "org.ajoberstar:gradle-git": {
            "locked": "1.7.2",
            "requested": "1.7.+"
        }
    },
    "runtimeClasspath": {
        "org.ajoberstar:gradle-git": {
            "locked": "1.7.2",
            "requested": "1.7.+"
        }
    },
    "testCompile": {
        "com.netflix.nebula:nebula-bintray-plugin": {
            "locked": "3.5.2",
            "requested": "latest.release"
        },
        "com.netflix.nebula:nebula-test": {
            "locked": "6.1.2",
            "requested": "6.+"
        },
        "org.ajoberstar:gradle-git": {
            "locked": "1.7.2",
            "requested": "1.7.+"
        }
    },
    "testCompileClasspath": {
        "com.netflix.nebula:nebula-bintray-plugin": {
            "locked": "3.5.2",
            "requested": "latest.release"
        },
        "com.netflix.nebula:nebula-test": {
            "locked": "6.1.2",
            "requested": "6.+"
        },
        "org.ajoberstar:gradle-git": {
            "locked": "1.7.2",
            "requested": "1.7.+"
        }
    },
    "testRuntime": {
        "com.netflix.nebula:nebula-bintray-plugin": {
            "locked": "3.5.2",
            "requested": "latest.release"
        },
        "com.netflix.nebula:nebula-test": {
            "locked": "6.1.2",
            "requested": "6.+"
        },
        "org.ajoberstar:gradle-git": {
            "locked": "1.7.2",
            "requested": "1.7.+"
        }
    },
    "testRuntimeClasspath": {
        "com.netflix.nebula:nebula-bintray-plugin": {
            "locked": "3.5.2",
            "requested": "latest.release"
        },
        "com.netflix.nebula:nebula-test": {
            "locked": "6.1.2",
            "requested": "6.+"
        },
        "org.ajoberstar:gradle-git": {
            "locked": "1.7.2",
            "requested": "1.7.+"
        }
    }
}